
Microsoft Visual Studio Solution File, Format Version 12.00
# Visual Studio Version 16
VisualStudioVersion = 16.0.31129.286
MinimumVisualStudioVersion = 10.0.40219.1
Project("{FAE04EC0-301F-11D3-BF4B-00C04F79EFBC}") = "Task-01", "Task-01\Task-01.csproj", "{CA830BDB-F50B-4529-B369-5AB0D04F919F}"
EndProject
Global
	GlobalSection(SolutionConfigurationPlatforms) = preSolution
		Debug|Any CPU = Debug|Any CPU
		Release|Any CPU = Release|Any CPU
	EndGlobalSection
	GlobalSection(ProjectConfigurationPlatforms) = postSolution
		{CA830BDB-F50B-4529-B369-5AB0D04F919F}.Debug|Any CPU.ActiveCfg = Debug|Any CPU
		{CA830BDB-F50B-4529-B369-5AB0D04F919F}.Debug|Any CPU.Build.0 = Debug|Any CPU
		{CA830BDB-F50B-4529-B369-5AB0D04F919F}.Release|Any CPU.ActiveCfg = Release|Any CPU
		{CA830BDB-F50B-4529-B369-5AB0D04F919F}.Release|Any CPU.Build.0 = Release|Any CPU
	EndGlobalSection
	GlobalSection(SolutionProperties) = preSolution
		HideSolutionNode = FALSE
	EndGlobalSection
	GlobalSection(ExtensibilityGlobals) = postSolution
		SolutionGuid = {269A3F0F-84B2-491B-BD02-602025049FAF}
	EndGlobalSection
EndGlobal
