
Microsoft Visual Studio Solution File, Format Version 12.00
# Visual Studio Version 16
VisualStudioVersion = 16.0.29102.190
MinimumVisualStudioVersion = 10.0.40219.1
Project("{FAE04EC0-301F-11D3-BF4B-00C04F79EFBC}") = "Task-01", "Task-01\Task-01.csproj", "{3601321C-1799-406B-B439-065C18378373}"
EndProject
Project("{FAE04EC0-301F-11D3-BF4B-00C04F79EFBC}") = "Exercise-6", "Exercise-6\Exercise-6.csproj", "{5D8F0501-7B23-43F3-A7CD-A9A923E5FA9A}"
EndProject
Project("{FAE04EC0-301F-11D3-BF4B-00C04F79EFBC}") = "Task-02", "Task-02\Task-02.csproj", "{4E1DDE61-7C68-44FF-BD87-38AAA00633FC}"
EndProject
Global
	GlobalSection(SolutionConfigurationPlatforms) = preSolution
		Debug|Any CPU = Debug|Any CPU
		Release|Any CPU = Release|Any CPU
	EndGlobalSection
	GlobalSection(ProjectConfigurationPlatforms) = postSolution
		{3601321C-1799-406B-B439-065C18378373}.Debug|Any CPU.ActiveCfg = Debug|Any CPU
		{3601321C-1799-406B-B439-065C18378373}.Debug|Any CPU.Build.0 = Debug|Any CPU
		{3601321C-1799-406B-B439-065C18378373}.Release|Any CPU.ActiveCfg = Release|Any CPU
		{3601321C-1799-406B-B439-065C18378373}.Release|Any CPU.Build.0 = Release|Any CPU
		{5D8F0501-7B23-43F3-A7CD-A9A923E5FA9A}.Debug|Any CPU.ActiveCfg = Debug|Any CPU
		{5D8F0501-7B23-43F3-A7CD-A9A923E5FA9A}.Debug|Any CPU.Build.0 = Debug|Any CPU
		{5D8F0501-7B23-43F3-A7CD-A9A923E5FA9A}.Release|Any CPU.ActiveCfg = Release|Any CPU
		{5D8F0501-7B23-43F3-A7CD-A9A923E5FA9A}.Release|Any CPU.Build.0 = Release|Any CPU
		{4E1DDE61-7C68-44FF-BD87-38AAA00633FC}.Debug|Any CPU.ActiveCfg = Debug|Any CPU
		{4E1DDE61-7C68-44FF-BD87-38AAA00633FC}.Debug|Any CPU.Build.0 = Debug|Any CPU
		{4E1DDE61-7C68-44FF-BD87-38AAA00633FC}.Release|Any CPU.ActiveCfg = Release|Any CPU
		{4E1DDE61-7C68-44FF-BD87-38AAA00633FC}.Release|Any CPU.Build.0 = Release|Any CPU
	EndGlobalSection
	GlobalSection(SolutionProperties) = preSolution
		HideSolutionNode = FALSE
	EndGlobalSection
	GlobalSection(ExtensibilityGlobals) = postSolution
		SolutionGuid = {72ACCB3E-7B69-4E91-B344-D93DD29CA3AD}
	EndGlobalSection
EndGlobal
