
Microsoft Visual Studio Solution File, Format Version 12.00
# Visual Studio Version 16
VisualStudioVersion = 16.0.29102.190
MinimumVisualStudioVersion = 10.0.40219.1
Project("{9A19103F-16F7-4668-BE54-9A1E7A4F7556}") = "Task-02", "Task-02\Task-02.csproj", "{BD264046-BF98-4EB1-A412-60D090EDAB74}"
EndProject
Project("{9A19103F-16F7-4668-BE54-9A1E7A4F7556}") = "Task-03", "Task-03\Task-03.csproj", "{15CCD0D8-B8DD-40D2-8847-1E047825D3FF}"
EndProject
Project("{FAE04EC0-301F-11D3-BF4B-00C04F79EFBC}") = "Task-01", "Task-01\Task-01.csproj", "{42836705-77DB-4B4D-A752-1221D606861D}"
EndProject
Project("{FAE04EC0-301F-11D3-BF4B-00C04F79EFBC}") = "Task-06", "Task-06\Task-06.csproj", "{8CFBC6FA-2732-4E62-B971-839AE7EF051C}"
EndProject
Global
	GlobalSection(SolutionConfigurationPlatforms) = preSolution
		Debug|Any CPU = Debug|Any CPU
		Release|Any CPU = Release|Any CPU
	EndGlobalSection
	GlobalSection(ProjectConfigurationPlatforms) = postSolution
		{BD264046-BF98-4EB1-A412-60D090EDAB74}.Debug|Any CPU.ActiveCfg = Debug|Any CPU
		{BD264046-BF98-4EB1-A412-60D090EDAB74}.Debug|Any CPU.Build.0 = Debug|Any CPU
		{BD264046-BF98-4EB1-A412-60D090EDAB74}.Release|Any CPU.ActiveCfg = Release|Any CPU
		{BD264046-BF98-4EB1-A412-60D090EDAB74}.Release|Any CPU.Build.0 = Release|Any CPU
		{15CCD0D8-B8DD-40D2-8847-1E047825D3FF}.Debug|Any CPU.ActiveCfg = Debug|Any CPU
		{15CCD0D8-B8DD-40D2-8847-1E047825D3FF}.Debug|Any CPU.Build.0 = Debug|Any CPU
		{15CCD0D8-B8DD-40D2-8847-1E047825D3FF}.Release|Any CPU.ActiveCfg = Release|Any CPU
		{15CCD0D8-B8DD-40D2-8847-1E047825D3FF}.Release|Any CPU.Build.0 = Release|Any CPU
		{42836705-77DB-4B4D-A752-1221D606861D}.Debug|Any CPU.ActiveCfg = Debug|Any CPU
		{42836705-77DB-4B4D-A752-1221D606861D}.Debug|Any CPU.Build.0 = Debug|Any CPU
		{42836705-77DB-4B4D-A752-1221D606861D}.Release|Any CPU.ActiveCfg = Release|Any CPU
		{42836705-77DB-4B4D-A752-1221D606861D}.Release|Any CPU.Build.0 = Release|Any CPU
		{8CFBC6FA-2732-4E62-B971-839AE7EF051C}.Debug|Any CPU.ActiveCfg = Debug|Any CPU
		{8CFBC6FA-2732-4E62-B971-839AE7EF051C}.Debug|Any CPU.Build.0 = Debug|Any CPU
		{8CFBC6FA-2732-4E62-B971-839AE7EF051C}.Release|Any CPU.ActiveCfg = Release|Any CPU
		{8CFBC6FA-2732-4E62-B971-839AE7EF051C}.Release|Any CPU.Build.0 = Release|Any CPU
	EndGlobalSection
	GlobalSection(SolutionProperties) = preSolution
		HideSolutionNode = FALSE
	EndGlobalSection
	GlobalSection(ExtensibilityGlobals) = postSolution
		SolutionGuid = {94282F25-0B1A-4934-83C8-92D234090901}
	EndGlobalSection
EndGlobal
