
Microsoft Visual Studio Solution File, Format Version 12.00
# Visual Studio Version 16
VisualStudioVersion = 16.0.31129.286
MinimumVisualStudioVersion = 10.0.40219.1
Project("{FAE04EC0-301F-11D3-BF4B-00C04F79EFBC}") = "Homework Class08", "Homework Class08\Homework Class08.csproj", "{B1025A1E-7918-4869-A1C2-5DF4CACC5932}"
EndProject
Global
	GlobalSection(SolutionConfigurationPlatforms) = preSolution
		Debug|Any CPU = Debug|Any CPU
		Release|Any CPU = Release|Any CPU
	EndGlobalSection
	GlobalSection(ProjectConfigurationPlatforms) = postSolution
		{B1025A1E-7918-4869-A1C2-5DF4CACC5932}.Debug|Any CPU.ActiveCfg = Debug|Any CPU
		{B1025A1E-7918-4869-A1C2-5DF4CACC5932}.Debug|Any CPU.Build.0 = Debug|Any CPU
		{B1025A1E-7918-4869-A1C2-5DF4CACC5932}.Release|Any CPU.ActiveCfg = Release|Any CPU
		{B1025A1E-7918-4869-A1C2-5DF4CACC5932}.Release|Any CPU.Build.0 = Release|Any CPU
	EndGlobalSection
	GlobalSection(SolutionProperties) = preSolution
		HideSolutionNode = FALSE
	EndGlobalSection
	GlobalSection(ExtensibilityGlobals) = postSolution
		SolutionGuid = {49F30628-7251-4BE2-8F9C-D863713DECC5}
	EndGlobalSection
EndGlobal
