
Microsoft Visual Studio Solution File, Format Version 12.00
# Visual Studio Version 16
VisualStudioVersion = 16.0.31129.286
MinimumVisualStudioVersion = 10.0.40219.1
Project("{FAE04EC0-301F-11D3-BF4B-00C04F79EFBC}") = "Task-03", "Task-03\Task-03.csproj", "{49F42D5A-E4B8-4ECB-A170-915EF4261938}"
EndProject
Global
	GlobalSection(SolutionConfigurationPlatforms) = preSolution
		Debug|Any CPU = Debug|Any CPU
		Release|Any CPU = Release|Any CPU
	EndGlobalSection
	GlobalSection(ProjectConfigurationPlatforms) = postSolution
		{49F42D5A-E4B8-4ECB-A170-915EF4261938}.Debug|Any CPU.ActiveCfg = Debug|Any CPU
		{49F42D5A-E4B8-4ECB-A170-915EF4261938}.Debug|Any CPU.Build.0 = Debug|Any CPU
		{49F42D5A-E4B8-4ECB-A170-915EF4261938}.Release|Any CPU.ActiveCfg = Release|Any CPU
		{49F42D5A-E4B8-4ECB-A170-915EF4261938}.Release|Any CPU.Build.0 = Release|Any CPU
	EndGlobalSection
	GlobalSection(SolutionProperties) = preSolution
		HideSolutionNode = FALSE
	EndGlobalSection
	GlobalSection(ExtensibilityGlobals) = postSolution
		SolutionGuid = {5DB586F9-43FA-4EA3-BFF6-012F3B3A349B}
	EndGlobalSection
EndGlobal
